{
  "pins" : [
    {
      "identity" : "swaggerswiftml",
      "kind" : "remoteSourceControl",
      "location" : "https://github.com/lunarway/SwaggerSwiftML",
      "state" : {
        "revision" : "b394a4845dbc98378c6f237b41f8af456b91db80",
        "version" : "3.1.0"
      }
    },
    {
      "identity" : "swift-argument-parser",
      "kind" : "remoteSourceControl",
      "location" : "https://github.com/apple/swift-argument-parser",
      "state" : {
        "revision" : "41982a3656a71c768319979febd796c6fd111d5c",
        "version" : "1.5.0"
      }
    },
    {
      "identity" : "yams",
      "kind" : "remoteSourceControl",
      "location" : "https://github.com/jpsim/Yams.git",
      "state" : {
        "revision" : "deaf82e867fa2cbd3cd865978b079bfcf384ac28",
        "version" : "6.2.1"
      }
    }
  ],
  "version" : 2
}
