{
  "object": {
    "pins": [
      {
        "package": "SwaggerSwiftML",
        "repositoryURL": "https://github.com/lunarway/SwaggerSwiftML",
        "state": {
          "branch": null,
          "revision": "c315e99c93925098bf35f6735af8db410ac72173",
          "version": "1.0.9"
        }
      },
      {
        "package": "swift-argument-parser",
        "repositoryURL": "https://github.com/apple/swift-argument-parser",
        "state": {
          "branch": null,
          "revision": "83b23d940471b313427da226196661856f6ba3e0",
          "version": "0.4.4"
        }
      },
      {
        "package": "Yams",
        "repositoryURL": "https://github.com/jpsim/Yams.git",
        "state": {
          "branch": null,
          "revision": "81a65c4069c28011ee432f2858ba0de49b086677",
          "version": "3.0.1"
        }
      }
    ]
  },
  "version": 1
}
